
Microsoft Visual Studio Solution File, Format Version 12.00
# Visual Studio Version 16
VisualStudioVersion = 16.0.30611.23
MinimumVisualStudioVersion = 10.0.40219.1
Project("{9A19103F-16F7-4668-BE54-9A1E7A4F7556}") = "VisitorPatternDemo1", "VisitorPatternDemo1\VisitorPatternDemo1.csproj", "{05CCF744-8A95-43E1-A5BC-A6F2A7272D41}"
EndProject
Project("{FAE04EC0-301F-11D3-BF4B-00C04F79EFBC}") = "VisitorPatternDemo2", "VisitorPatternDemo2\VisitorPatternDemo2.csproj", "{E22E99DC-4466-4A48-928F-BD676F86D80C}"
EndProject
Global
	GlobalSection(SolutionConfigurationPlatforms) = preSolution
		Debug|Any CPU = Debug|Any CPU
		Release|Any CPU = Release|Any CPU
	EndGlobalSection
	GlobalSection(ProjectConfigurationPlatforms) = postSolution
		{05CCF744-8A95-43E1-A5BC-A6F2A7272D41}.Debug|Any CPU.ActiveCfg = Debug|Any CPU
		{05CCF744-8A95-43E1-A5BC-A6F2A7272D41}.Debug|Any CPU.Build.0 = Debug|Any CPU
		{05CCF744-8A95-43E1-A5BC-A6F2A7272D41}.Release|Any CPU.ActiveCfg = Release|Any CPU
		{05CCF744-8A95-43E1-A5BC-A6F2A7272D41}.Release|Any CPU.Build.0 = Release|Any CPU
		{E22E99DC-4466-4A48-928F-BD676F86D80C}.Debug|Any CPU.ActiveCfg = Debug|Any CPU
		{E22E99DC-4466-4A48-928F-BD676F86D80C}.Debug|Any CPU.Build.0 = Debug|Any CPU
		{E22E99DC-4466-4A48-928F-BD676F86D80C}.Release|Any CPU.ActiveCfg = Release|Any CPU
		{E22E99DC-4466-4A48-928F-BD676F86D80C}.Release|Any CPU.Build.0 = Release|Any CPU
	EndGlobalSection
	GlobalSection(SolutionProperties) = preSolution
		HideSolutionNode = FALSE
	EndGlobalSection
	GlobalSection(ExtensibilityGlobals) = postSolution
		SolutionGuid = {B7AFFA6D-C4E4-4AFD-BBA0-12D7431CD3F1}
	EndGlobalSection
EndGlobal
